
Microsoft Visual Studio Solution File, Format Version 12.00
# Visual Studio Version 17
VisualStudioVersion = 17.7.34024.191
MinimumVisualStudioVersion = 10.0.40219.1
Project("{FAE04EC0-301F-11D3-BF4B-00C04F79EFBC}") = "WLWD7", "WLWD7\WLWD7.csproj", "{6A34A8E9-B9AF-4F7D-9D45-7D92A0BE21FB}"
EndProject
Project("{FAE04EC0-301F-11D3-BF4B-00C04F79EFBC}") = "MyLib", "MyLib\MyLib.csproj", "{5E8594A8-1467-4844-8894-A89845A6994F}"
EndProject
Global
	GlobalSection(SolutionConfigurationPlatforms) = preSolution
		Debug|Any CPU = Debug|Any CPU
		Release|Any CPU = Release|Any CPU
	EndGlobalSection
	GlobalSection(ProjectConfigurationPlatforms) = postSolution
		{6A34A8E9-B9AF-4F7D-9D45-7D92A0BE21FB}.Debug|Any CPU.ActiveCfg = Debug|Any CPU
		{6A34A8E9-B9AF-4F7D-9D45-7D92A0BE21FB}.Debug|Any CPU.Build.0 = Debug|Any CPU
		{6A34A8E9-B9AF-4F7D-9D45-7D92A0BE21FB}.Release|Any CPU.ActiveCfg = Release|Any CPU
		{6A34A8E9-B9AF-4F7D-9D45-7D92A0BE21FB}.Release|Any CPU.Build.0 = Release|Any CPU
		{5E8594A8-1467-4844-8894-A89845A6994F}.Debug|Any CPU.ActiveCfg = Debug|Any CPU
		{5E8594A8-1467-4844-8894-A89845A6994F}.Debug|Any CPU.Build.0 = Debug|Any CPU
		{5E8594A8-1467-4844-8894-A89845A6994F}.Release|Any CPU.ActiveCfg = Release|Any CPU
		{5E8594A8-1467-4844-8894-A89845A6994F}.Release|Any CPU.Build.0 = Release|Any CPU
	EndGlobalSection
	GlobalSection(SolutionProperties) = preSolution
		HideSolutionNode = FALSE
	EndGlobalSection
	GlobalSection(ExtensibilityGlobals) = postSolution
		SolutionGuid = {C6F11470-C9E4-4CE2-A6AA-205CAE16B6AD}
	EndGlobalSection
EndGlobal
