
Microsoft Visual Studio Solution File, Format Version 12.00
# Visual Studio Version 17
VisualStudioVersion = 17.7.34024.191
MinimumVisualStudioVersion = 10.0.40219.1
Project("{FAE04EC0-301F-11D3-BF4B-00C04F79EFBC}") = "WLWD7", "WLWD7\WLWD7.csproj", "{7CD0BA19-08BD-4BAD-9181-35AB2F61391E}"
EndProject
Project("{FAE04EC0-301F-11D3-BF4B-00C04F79EFBC}") = "MyLib", "MyLib\MyLib.csproj", "{92999E8C-4AD1-4DEE-96D3-879E504A9C39}"
EndProject
Global
	GlobalSection(SolutionConfigurationPlatforms) = preSolution
		Debug|Any CPU = Debug|Any CPU
		Release|Any CPU = Release|Any CPU
	EndGlobalSection
	GlobalSection(ProjectConfigurationPlatforms) = postSolution
		{7CD0BA19-08BD-4BAD-9181-35AB2F61391E}.Debug|Any CPU.ActiveCfg = Debug|Any CPU
		{7CD0BA19-08BD-4BAD-9181-35AB2F61391E}.Debug|Any CPU.Build.0 = Debug|Any CPU
		{7CD0BA19-08BD-4BAD-9181-35AB2F61391E}.Release|Any CPU.ActiveCfg = Release|Any CPU
		{7CD0BA19-08BD-4BAD-9181-35AB2F61391E}.Release|Any CPU.Build.0 = Release|Any CPU
		{92999E8C-4AD1-4DEE-96D3-879E504A9C39}.Debug|Any CPU.ActiveCfg = Debug|Any CPU
		{92999E8C-4AD1-4DEE-96D3-879E504A9C39}.Debug|Any CPU.Build.0 = Debug|Any CPU
		{92999E8C-4AD1-4DEE-96D3-879E504A9C39}.Release|Any CPU.ActiveCfg = Release|Any CPU
		{92999E8C-4AD1-4DEE-96D3-879E504A9C39}.Release|Any CPU.Build.0 = Release|Any CPU
	EndGlobalSection
	GlobalSection(SolutionProperties) = preSolution
		HideSolutionNode = FALSE
	EndGlobalSection
	GlobalSection(ExtensibilityGlobals) = postSolution
		SolutionGuid = {DB89D0D8-FE46-4439-893C-20CE27B02E72}
	EndGlobalSection
EndGlobal
