
Microsoft Visual Studio Solution File, Format Version 12.00
# Visual Studio Version 17
VisualStudioVersion = 17.5.33516.290
MinimumVisualStudioVersion = 10.0.40219.1
Project("{FAE04EC0-301F-11D3-BF4B-00C04F79EFBC}") = "WLWD8", "WLWD8\WLWD8.csproj", "{5AF6A151-D8BE-4018-98ED-235C5F29B22E}"
EndProject
Project("{FAE04EC0-301F-11D3-BF4B-00C04F79EFBC}") = "MyLibrary", "MyLibrary\MyLibrary.csproj", "{4F3DF3C7-2E22-4F84-AD4D-B6BE7C148D68}"
EndProject
Global
	GlobalSection(SolutionConfigurationPlatforms) = preSolution
		Debug|Any CPU = Debug|Any CPU
		Release|Any CPU = Release|Any CPU
	EndGlobalSection
	GlobalSection(ProjectConfigurationPlatforms) = postSolution
		{5AF6A151-D8BE-4018-98ED-235C5F29B22E}.Debug|Any CPU.ActiveCfg = Debug|Any CPU
		{5AF6A151-D8BE-4018-98ED-235C5F29B22E}.Debug|Any CPU.Build.0 = Debug|Any CPU
		{5AF6A151-D8BE-4018-98ED-235C5F29B22E}.Release|Any CPU.ActiveCfg = Release|Any CPU
		{5AF6A151-D8BE-4018-98ED-235C5F29B22E}.Release|Any CPU.Build.0 = Release|Any CPU
		{4F3DF3C7-2E22-4F84-AD4D-B6BE7C148D68}.Debug|Any CPU.ActiveCfg = Debug|Any CPU
		{4F3DF3C7-2E22-4F84-AD4D-B6BE7C148D68}.Debug|Any CPU.Build.0 = Debug|Any CPU
		{4F3DF3C7-2E22-4F84-AD4D-B6BE7C148D68}.Release|Any CPU.ActiveCfg = Release|Any CPU
		{4F3DF3C7-2E22-4F84-AD4D-B6BE7C148D68}.Release|Any CPU.Build.0 = Release|Any CPU
	EndGlobalSection
	GlobalSection(SolutionProperties) = preSolution
		HideSolutionNode = FALSE
	EndGlobalSection
	GlobalSection(ExtensibilityGlobals) = postSolution
		SolutionGuid = {C277EEBF-8EBF-46D2-885D-F5885AA3CD94}
	EndGlobalSection
EndGlobal
