
Microsoft Visual Studio Solution File, Format Version 12.00
# Visual Studio Version 17
VisualStudioVersion = 17.5.33516.290
MinimumVisualStudioVersion = 10.0.40219.1
Project("{9A19103F-16F7-4668-BE54-9A1E7A4F7556}") = "WLWD5.Main", "WLWD5.Main\WLWD5.Main.csproj", "{4F95F4B4-4214-4871-9FD7-B01E94E8651E}"
EndProject
Project("{9A19103F-16F7-4668-BE54-9A1E7A4F7556}") = "WLWD5.Domain", "WLWD5.Domain\WLWD5.Domain.csproj", "{DE17F1DC-E88C-476F-95F9-1950D0C2F723}"
EndProject
Project("{9A19103F-16F7-4668-BE54-9A1E7A4F7556}") = "WLWD5.SerializerLib", "SerializerLib\WLWD5.SerializerLib.csproj", "{88CB23B6-19FF-4EB7-915A-4DF6A131A9A1}"
EndProject
Global
	GlobalSection(SolutionConfigurationPlatforms) = preSolution
		Debug|Any CPU = Debug|Any CPU
		Release|Any CPU = Release|Any CPU
	EndGlobalSection
	GlobalSection(ProjectConfigurationPlatforms) = postSolution
		{4F95F4B4-4214-4871-9FD7-B01E94E8651E}.Debug|Any CPU.ActiveCfg = Debug|Any CPU
		{4F95F4B4-4214-4871-9FD7-B01E94E8651E}.Debug|Any CPU.Build.0 = Debug|Any CPU
		{4F95F4B4-4214-4871-9FD7-B01E94E8651E}.Release|Any CPU.ActiveCfg = Release|Any CPU
		{4F95F4B4-4214-4871-9FD7-B01E94E8651E}.Release|Any CPU.Build.0 = Release|Any CPU
		{DE17F1DC-E88C-476F-95F9-1950D0C2F723}.Debug|Any CPU.ActiveCfg = Debug|Any CPU
		{DE17F1DC-E88C-476F-95F9-1950D0C2F723}.Debug|Any CPU.Build.0 = Debug|Any CPU
		{DE17F1DC-E88C-476F-95F9-1950D0C2F723}.Release|Any CPU.ActiveCfg = Release|Any CPU
		{DE17F1DC-E88C-476F-95F9-1950D0C2F723}.Release|Any CPU.Build.0 = Release|Any CPU
		{88CB23B6-19FF-4EB7-915A-4DF6A131A9A1}.Debug|Any CPU.ActiveCfg = Debug|Any CPU
		{88CB23B6-19FF-4EB7-915A-4DF6A131A9A1}.Debug|Any CPU.Build.0 = Debug|Any CPU
		{88CB23B6-19FF-4EB7-915A-4DF6A131A9A1}.Release|Any CPU.ActiveCfg = Release|Any CPU
		{88CB23B6-19FF-4EB7-915A-4DF6A131A9A1}.Release|Any CPU.Build.0 = Release|Any CPU
	EndGlobalSection
	GlobalSection(SolutionProperties) = preSolution
		HideSolutionNode = FALSE
	EndGlobalSection
	GlobalSection(ExtensibilityGlobals) = postSolution
		SolutionGuid = {16F31FFA-FEBE-4AE0-ADE9-DDF921B45E3E}
	EndGlobalSection
EndGlobal
